
Microsoft Visual Studio Solution File, Format Version 12.00
Project("{FAE04EC0-301F-11D3-BF4B-00C04F79EFBC}") = "MongoHotchocolate", "MongoHotchocolate.csproj", "{3FCB770F-0730-4DB8-A76C-82A325A861CF}"
EndProject
Global
	GlobalSection(SolutionConfigurationPlatforms) = preSolution
		Debug|Any CPU = Debug|Any CPU
		Release|Any CPU = Release|Any CPU
	EndGlobalSection
	GlobalSection(ProjectConfigurationPlatforms) = postSolution
		{3FCB770F-0730-4DB8-A76C-82A325A861CF}.Debug|Any CPU.ActiveCfg = Debug|Any CPU
		{3FCB770F-0730-4DB8-A76C-82A325A861CF}.Debug|Any CPU.Build.0 = Debug|Any CPU
		{3FCB770F-0730-4DB8-A76C-82A325A861CF}.Release|Any CPU.ActiveCfg = Release|Any CPU
		{3FCB770F-0730-4DB8-A76C-82A325A861CF}.Release|Any CPU.Build.0 = Release|Any CPU
	EndGlobalSection
EndGlobal
